// !$*UTF8*$!
{
	archiveVersion = 1;
	classes = {
	};
	objectVersion = 56;
	objects = {

/* Begin PBXBuildFile section */
		47767C272A4F1B0700830475 /* CocoaLumberjack in Frameworks */ = {isa = PBXBuildFile; productRef = 47767C262A4F1B0700830475 /* CocoaLumberjack */; };
		47767C292A4F1B0700830475 /* CocoaLumberjackSwift in Frameworks */ = {isa = PBXBuildFile; productRef = 47767C282A4F1B0700830475 /* CocoaLumberjackSwift */; };
		47767C2B2A4F1B0700830475 /* CocoaLumberjackSwiftLogBackend in Frameworks */ = {isa = PBXBuildFile; productRef = 47767C2A2A4F1B0700830475 /* CocoaLumberjackSwiftLogBackend */; };
		4793F3B62A3B0745001A8F32 /* AppDelegate.swift in Sources */ = {isa = PBXBuildFile; fileRef = 4793F3B52A3B0745001A8F32 /* AppDelegate.swift */; };
		4793F3BF2A3B074A001A8F32 /* Assets.xcassets in Resources */ = {isa = PBXBuildFile; fileRef = 4793F3BE2A3B074A001A8F32 /* Assets.xcassets */; };
		4793F3E72A3B079A001A8F32 /* ToDoItemModel.swift in Sources */ = {isa = PBXBuildFile; fileRef = 4793F3E62A3B079A001A8F32 /* ToDoItemModel.swift */; };
		4793F3F02A3B08AE001A8F32 /* FileCacheModel.swift in Sources */ = {isa = PBXBuildFile; fileRef = 4793F3EF2A3B08AE001A8F32 /* FileCacheModel.swift */; };
		47CC00702A589CE800E41138 /* RootCoordinator.swift in Sources */ = {isa = PBXBuildFile; fileRef = 47CC006F2A589CE800E41138 /* RootCoordinator.swift */; };
		47CC00722A589D0000E41138 /* ToDoListCoordinator.swift in Sources */ = {isa = PBXBuildFile; fileRef = 47CC00712A589D0000E41138 /* ToDoListCoordinator.swift */; };
		47CC00742A589D1000E41138 /* ToDoItemCoordinator.swift in Sources */ = {isa = PBXBuildFile; fileRef = 47CC00732A589D1000E41138 /* ToDoItemCoordinator.swift */; };
		47CC00762A589D2A00E41138 /* RootCoordinatorImpl.swift in Sources */ = {isa = PBXBuildFile; fileRef = 47CC00752A589D2A00E41138 /* RootCoordinatorImpl.swift */; };
		47CC007A2A589DD200E41138 /* TodoListDataSource.swift in Sources */ = {isa = PBXBuildFile; fileRef = 47CC00792A589DD200E41138 /* TodoListDataSource.swift */; };
		47CC007C2A589DE100E41138 /* TodoItemTableViewCell.swift in Sources */ = {isa = PBXBuildFile; fileRef = 47CC007B2A589DE100E41138 /* TodoItemTableViewCell.swift */; };
		47CC007E2A589DEF00E41138 /* CreateNewTableViewCell.swift in Sources */ = {isa = PBXBuildFile; fileRef = 47CC007D2A589DEF00E41138 /* CreateNewTableViewCell.swift */; };
		47CC00802A589E2700E41138 /* TodoListViewController.swift in Sources */ = {isa = PBXBuildFile; fileRef = 47CC007F2A589E2700E41138 /* TodoListViewController.swift */; };
		47CC00822A589E8300E41138 /* TodoListViewModel.swift in Sources */ = {isa = PBXBuildFile; fileRef = 47CC00812A589E8300E41138 /* TodoListViewModel.swift */; };
		47CC00842A589E8E00E41138 /* TodoListViewOutput.swift in Sources */ = {isa = PBXBuildFile; fileRef = 47CC00832A589E8E00E41138 /* TodoListViewOutput.swift */; };
		47CC00862A589EE800E41138 /* TodoItemViewController.swift in Sources */ = {isa = PBXBuildFile; fileRef = 47CC00852A589EE800E41138 /* TodoItemViewController.swift */; };
		47CC00882A589F0A00E41138 /* TodoItemViewModel.swift in Sources */ = {isa = PBXBuildFile; fileRef = 47CC00872A589F0A00E41138 /* TodoItemViewModel.swift */; };
		47CC008A2A589F1500E41138 /* TodoItemViewOutput.swift in Sources */ = {isa = PBXBuildFile; fileRef = 47CC00892A589F1500E41138 /* TodoItemViewOutput.swift */; };
		47CC008C2A589F2400E41138 /* TodoItemViewModelDelegate.swift in Sources */ = {isa = PBXBuildFile; fileRef = 47CC008B2A589F2400E41138 /* TodoItemViewModelDelegate.swift */; };
		47CC00902A589FCB00E41138 /* Configurable.swift in Sources */ = {isa = PBXBuildFile; fileRef = 47CC008F2A589FCB00E41138 /* Configurable.swift */; };
		47CC00922A589FF900E41138 /* UIViewController+Extensions.swift in Sources */ = {isa = PBXBuildFile; fileRef = 47CC00912A589FF900E41138 /* UIViewController+Extensions.swift */; };
		47CC00942A58A01E00E41138 /* UITableViewCell+Extensions.swift in Sources */ = {isa = PBXBuildFile; fileRef = 47CC00932A58A01E00E41138 /* UITableViewCell+Extensions.swift */; };
		47CC00962A58A04800E41138 /* Localization.swift in Sources */ = {isa = PBXBuildFile; fileRef = 47CC00952A58A04800E41138 /* Localization.swift */; };
		47CC00982A58A06E00E41138 /* Delaying.swift in Sources */ = {isa = PBXBuildFile; fileRef = 47CC00972A58A06E00E41138 /* Delaying.swift */; };
		47CC009A2A58A0FA00E41138 /* DataTransfer.swift in Sources */ = {isa = PBXBuildFile; fileRef = 47CC00992A58A0FA00E41138 /* DataTransfer.swift */; };
		47CC009C2A58A13200E41138 /* RequestMethod.swift in Sources */ = {isa = PBXBuildFile; fileRef = 47CC009B2A58A13200E41138 /* RequestMethod.swift */; };
		47CC009E2A58A15B00E41138 /* Network.swift in Sources */ = {isa = PBXBuildFile; fileRef = 47CC009D2A58A15B00E41138 /* Network.swift */; };
		47CC00A02A58A1B300E41138 /* Data.swift in Sources */ = {isa = PBXBuildFile; fileRef = 47CC009F2A58A1B300E41138 /* Data.swift */; };
		47CC00A32A58A30400E41138 /* ColorSelectionSlider.swift in Sources */ = {isa = PBXBuildFile; fileRef = 47CC00A22A58A30400E41138 /* ColorSelectionSlider.swift */; };
		47CC00A52A58A30E00E41138 /* LightnessSelectionSlider.swift in Sources */ = {isa = PBXBuildFile; fileRef = 47CC00A42A58A30E00E41138 /* LightnessSelectionSlider.swift */; };
		47CC00A72A58A34800E41138 /* ColorfulSlider.swift in Sources */ = {isa = PBXBuildFile; fileRef = 47CC00A62A58A34800E41138 /* ColorfulSlider.swift */; };
		47CC00A92A58A36500E41138 /* ImportanceView.swift in Sources */ = {isa = PBXBuildFile; fileRef = 47CC00A82A58A36500E41138 /* ImportanceView.swift */; };
		47CC00AB2A58A3B900E41138 /* ColorView.swift in Sources */ = {isa = PBXBuildFile; fileRef = 47CC00AA2A58A3B900E41138 /* ColorView.swift */; };
		47CC00AD2A58A3CE00E41138 /* ColorPickerView.swift in Sources */ = {isa = PBXBuildFile; fileRef = 47CC00AC2A58A3CE00E41138 /* ColorPickerView.swift */; };
		47CC00AF2A58A3E600E41138 /* DeadlineView.swift in Sources */ = {isa = PBXBuildFile; fileRef = 47CC00AE2A58A3E600E41138 /* DeadlineView.swift */; };
		47CC00B12A58A40300E41138 /* DatePickerView.swift in Sources */ = {isa = PBXBuildFile; fileRef = 47CC00B02A58A40300E41138 /* DatePickerView.swift */; };
		47CC00B42A58A61300E41138 /* UIColor+Extensions.swift in Sources */ = {isa = PBXBuildFile; fileRef = 47CC00B32A58A61300E41138 /* UIColor+Extensions.swift */; };
		47CC00B62A58A66C00E41138 /* Animator.swift in Sources */ = {isa = PBXBuildFile; fileRef = 47CC00B52A58A66C00E41138 /* Animator.swift */; };
/* End PBXBuildFile section */

/* Begin PBXContainerItemProxy section */
		4793F3C92A3B074B001A8F32 /* PBXContainerItemProxy */ = {
			isa = PBXContainerItemProxy;
			containerPortal = 4793F3AA2A3B0745001A8F32 /* Project object */;
			proxyType = 1;
			remoteGlobalIDString = 4793F3B12A3B0745001A8F32;
			remoteInfo = ToDoListApp;
		};
		4793F3D32A3B074B001A8F32 /* PBXContainerItemProxy */ = {
			isa = PBXContainerItemProxy;
			containerPortal = 4793F3AA2A3B0745001A8F32 /* Project object */;
			proxyType = 1;
			remoteGlobalIDString = 4793F3B12A3B0745001A8F32;
			remoteInfo = ToDoListApp;
		};
/* End PBXContainerItemProxy section */

/* Begin PBXFileReference section */
		4793F3B22A3B0745001A8F32 /* ToDoListApp.app */ = {isa = PBXFileReference; explicitFileType = wrapper.application; includeInIndex = 0; path = ToDoListApp.app; sourceTree = BUILT_PRODUCTS_DIR; };
		4793F3B52A3B0745001A8F32 /* AppDelegate.swift */ = {isa = PBXFileReference; lastKnownFileType = sourcecode.swift; path = AppDelegate.swift; sourceTree = "<group>"; };
		4793F3BE2A3B074A001A8F32 /* Assets.xcassets */ = {isa = PBXFileReference; lastKnownFileType = folder.assetcatalog; path = Assets.xcassets; sourceTree = "<group>"; };
		4793F3C32A3B074A001A8F32 /* Info.plist */ = {isa = PBXFileReference; lastKnownFileType = text.plist.xml; path = Info.plist; sourceTree = "<group>"; };
		4793F3C82A3B074B001A8F32 /* ToDoListAppTests.xctest */ = {isa = PBXFileReference; explicitFileType = wrapper.cfbundle; includeInIndex = 0; path = ToDoListAppTests.xctest; sourceTree = BUILT_PRODUCTS_DIR; };
		4793F3D22A3B074B001A8F32 /* ToDoListAppUITests.xctest */ = {isa = PBXFileReference; explicitFileType = wrapper.cfbundle; includeInIndex = 0; path = ToDoListAppUITests.xctest; sourceTree = BUILT_PRODUCTS_DIR; };
		4793F3E62A3B079A001A8F32 /* ToDoItemModel.swift */ = {isa = PBXFileReference; lastKnownFileType = sourcecode.swift; path = ToDoItemModel.swift; sourceTree = "<group>"; };
		4793F3EF2A3B08AE001A8F32 /* FileCacheModel.swift */ = {isa = PBXFileReference; lastKnownFileType = sourcecode.swift; path = FileCacheModel.swift; sourceTree = "<group>"; };
		47CC006F2A589CE800E41138 /* RootCoordinator.swift */ = {isa = PBXFileReference; lastKnownFileType = sourcecode.swift; path = RootCoordinator.swift; sourceTree = "<group>"; };
		47CC00712A589D0000E41138 /* ToDoListCoordinator.swift */ = {isa = PBXFileReference; lastKnownFileType = sourcecode.swift; path = ToDoListCoordinator.swift; sourceTree = "<group>"; };
		47CC00732A589D1000E41138 /* ToDoItemCoordinator.swift */ = {isa = PBXFileReference; lastKnownFileType = sourcecode.swift; path = ToDoItemCoordinator.swift; sourceTree = "<group>"; };
		47CC00752A589D2A00E41138 /* RootCoordinatorImpl.swift */ = {isa = PBXFileReference; lastKnownFileType = sourcecode.swift; path = RootCoordinatorImpl.swift; sourceTree = "<group>"; };
		47CC00792A589DD200E41138 /* TodoListDataSource.swift */ = {isa = PBXFileReference; lastKnownFileType = sourcecode.swift; path = TodoListDataSource.swift; sourceTree = "<group>"; };
		47CC007B2A589DE100E41138 /* TodoItemTableViewCell.swift */ = {isa = PBXFileReference; lastKnownFileType = sourcecode.swift; path = TodoItemTableViewCell.swift; sourceTree = "<group>"; };
		47CC007D2A589DEF00E41138 /* CreateNewTableViewCell.swift */ = {isa = PBXFileReference; lastKnownFileType = sourcecode.swift; path = CreateNewTableViewCell.swift; sourceTree = "<group>"; };
		47CC007F2A589E2700E41138 /* TodoListViewController.swift */ = {isa = PBXFileReference; lastKnownFileType = sourcecode.swift; path = TodoListViewController.swift; sourceTree = "<group>"; };
		47CC00812A589E8300E41138 /* TodoListViewModel.swift */ = {isa = PBXFileReference; lastKnownFileType = sourcecode.swift; path = TodoListViewModel.swift; sourceTree = "<group>"; };
		47CC00832A589E8E00E41138 /* TodoListViewOutput.swift */ = {isa = PBXFileReference; lastKnownFileType = sourcecode.swift; path = TodoListViewOutput.swift; sourceTree = "<group>"; };
		47CC00852A589EE800E41138 /* TodoItemViewController.swift */ = {isa = PBXFileReference; lastKnownFileType = sourcecode.swift; path = TodoItemViewController.swift; sourceTree = "<group>"; };
		47CC00872A589F0A00E41138 /* TodoItemViewModel.swift */ = {isa = PBXFileReference; lastKnownFileType = sourcecode.swift; path = TodoItemViewModel.swift; sourceTree = "<group>"; };
		47CC00892A589F1500E41138 /* TodoItemViewOutput.swift */ = {isa = PBXFileReference; lastKnownFileType = sourcecode.swift; path = TodoItemViewOutput.swift; sourceTree = "<group>"; };
		47CC008B2A589F2400E41138 /* TodoItemViewModelDelegate.swift */ = {isa = PBXFileReference; lastKnownFileType = sourcecode.swift; path = TodoItemViewModelDelegate.swift; sourceTree = "<group>"; };
		47CC008F2A589FCB00E41138 /* Configurable.swift */ = {isa = PBXFileReference; lastKnownFileType = sourcecode.swift; path = Configurable.swift; sourceTree = "<group>"; };
		47CC00912A589FF900E41138 /* UIViewController+Extensions.swift */ = {isa = PBXFileReference; lastKnownFileType = sourcecode.swift; path = "UIViewController+Extensions.swift"; sourceTree = "<group>"; };
		47CC00932A58A01E00E41138 /* UITableViewCell+Extensions.swift */ = {isa = PBXFileReference; lastKnownFileType = sourcecode.swift; path = "UITableViewCell+Extensions.swift"; sourceTree = "<group>"; };
		47CC00952A58A04800E41138 /* Localization.swift */ = {isa = PBXFileReference; lastKnownFileType = sourcecode.swift; path = Localization.swift; sourceTree = "<group>"; };
		47CC00972A58A06E00E41138 /* Delaying.swift */ = {isa = PBXFileReference; lastKnownFileType = sourcecode.swift; path = Delaying.swift; sourceTree = "<group>"; };
		47CC00992A58A0FA00E41138 /* DataTransfer.swift */ = {isa = PBXFileReference; lastKnownFileType = sourcecode.swift; path = DataTransfer.swift; sourceTree = "<group>"; };
		47CC009B2A58A13200E41138 /* RequestMethod.swift */ = {isa = PBXFileReference; lastKnownFileType = sourcecode.swift; path = RequestMethod.swift; sourceTree = "<group>"; };
		47CC009D2A58A15B00E41138 /* Network.swift */ = {isa = PBXFileReference; lastKnownFileType = sourcecode.swift; path = Network.swift; sourceTree = "<group>"; };
		47CC009F2A58A1B300E41138 /* Data.swift */ = {isa = PBXFileReference; lastKnownFileType = sourcecode.swift; path = Data.swift; sourceTree = "<group>"; };
		47CC00A22A58A30400E41138 /* ColorSelectionSlider.swift */ = {isa = PBXFileReference; lastKnownFileType = sourcecode.swift; path = ColorSelectionSlider.swift; sourceTree = "<group>"; };
		47CC00A42A58A30E00E41138 /* LightnessSelectionSlider.swift */ = {isa = PBXFileReference; lastKnownFileType = sourcecode.swift; path = LightnessSelectionSlider.swift; sourceTree = "<group>"; };
		47CC00A62A58A34800E41138 /* ColorfulSlider.swift */ = {isa = PBXFileReference; lastKnownFileType = sourcecode.swift; path = ColorfulSlider.swift; sourceTree = "<group>"; };
		47CC00A82A58A36500E41138 /* ImportanceView.swift */ = {isa = PBXFileReference; lastKnownFileType = sourcecode.swift; path = ImportanceView.swift; sourceTree = "<group>"; };
		47CC00AA2A58A3B900E41138 /* ColorView.swift */ = {isa = PBXFileReference; lastKnownFileType = sourcecode.swift; path = ColorView.swift; sourceTree = "<group>"; };
		47CC00AC2A58A3CE00E41138 /* ColorPickerView.swift */ = {isa = PBXFileReference; lastKnownFileType = sourcecode.swift; path = ColorPickerView.swift; sourceTree = "<group>"; };
		47CC00AE2A58A3E600E41138 /* DeadlineView.swift */ = {isa = PBXFileReference; lastKnownFileType = sourcecode.swift; path = DeadlineView.swift; sourceTree = "<group>"; };
		47CC00B02A58A40300E41138 /* DatePickerView.swift */ = {isa = PBXFileReference; lastKnownFileType = sourcecode.swift; path = DatePickerView.swift; sourceTree = "<group>"; };
		47CC00B32A58A61300E41138 /* UIColor+Extensions.swift */ = {isa = PBXFileReference; lastKnownFileType = sourcecode.swift; path = "UIColor+Extensions.swift"; sourceTree = "<group>"; };
		47CC00B52A58A66C00E41138 /* Animator.swift */ = {isa = PBXFileReference; lastKnownFileType = sourcecode.swift; path = Animator.swift; sourceTree = "<group>"; };
/* End PBXFileReference section */

/* Begin PBXFrameworksBuildPhase section */
		4793F3AF2A3B0745001A8F32 /* Frameworks */ = {
			isa = PBXFrameworksBuildPhase;
			buildActionMask = 2147483647;
			files = (
				47767C292A4F1B0700830475 /* CocoaLumberjackSwift in Frameworks */,
				47767C2B2A4F1B0700830475 /* CocoaLumberjackSwiftLogBackend in Frameworks */,
				47767C272A4F1B0700830475 /* CocoaLumberjack in Frameworks */,
			);
			runOnlyForDeploymentPostprocessing = 0;
		};
		4793F3C52A3B074B001A8F32 /* Frameworks */ = {
			isa = PBXFrameworksBuildPhase;
			buildActionMask = 2147483647;
			files = (
			);
			runOnlyForDeploymentPostprocessing = 0;
		};
		4793F3CF2A3B074B001A8F32 /* Frameworks */ = {
			isa = PBXFrameworksBuildPhase;
			buildActionMask = 2147483647;
			files = (
			);
			runOnlyForDeploymentPostprocessing = 0;
		};
/* End PBXFrameworksBuildPhase section */

/* Begin PBXGroup section */
		47767C142A4EBD6D00830475 /* MVVM modules */ = {
			isa = PBXGroup;
			children = (
				47CC008D2A589F6B00E41138 /* Service */,
				47CC006B2A589C7900E41138 /* Presenter */,
				4793F3E52A3B0752001A8F32 /* Model */,
			);
			path = "MVVM modules";
			sourceTree = "<group>";
		};
		4793F3A92A3B0745001A8F32 = {
			isa = PBXGroup;
			children = (
				4793F3B42A3B0745001A8F32 /* ToDoListApp */,
				4793F3CB2A3B074B001A8F32 /* ToDoListAppTests */,
				4793F3B32A3B0745001A8F32 /* Products */,
			);
			sourceTree = "<group>";
		};
		4793F3B32A3B0745001A8F32 /* Products */ = {
			isa = PBXGroup;
			children = (
				4793F3B22A3B0745001A8F32 /* ToDoListApp.app */,
				4793F3C82A3B074B001A8F32 /* ToDoListAppTests.xctest */,
				4793F3D22A3B074B001A8F32 /* ToDoListAppUITests.xctest */,
			);
			name = Products;
			sourceTree = "<group>";
		};
		4793F3B42A3B0745001A8F32 /* ToDoListApp */ = {
			isa = PBXGroup;
			children = (
				47767C142A4EBD6D00830475 /* MVVM modules */,
				4793F3B52A3B0745001A8F32 /* AppDelegate.swift */,
				4793F3BE2A3B074A001A8F32 /* Assets.xcassets */,
				4793F3C32A3B074A001A8F32 /* Info.plist */,
			);
			path = ToDoListApp;
			sourceTree = "<group>";
		};
		4793F3CB2A3B074B001A8F32 /* ToDoListAppTests */ = {
			isa = PBXGroup;
			children = (
			);
			path = ToDoListAppTests;
			sourceTree = "<group>";
		};
		4793F3E52A3B0752001A8F32 /* Model */ = {
			isa = PBXGroup;
			children = (
				4793F3E62A3B079A001A8F32 /* ToDoItemModel.swift */,
				4793F3EF2A3B08AE001A8F32 /* FileCacheModel.swift */,
				47CC009F2A58A1B300E41138 /* Data.swift */,
			);
			path = Model;
			sourceTree = "<group>";
		};
		47CC006A2A589C0D00E41138 /* Networking */ = {
			isa = PBXGroup;
			children = (
				47CC00972A58A06E00E41138 /* Delaying.swift */,
				47CC00992A58A0FA00E41138 /* DataTransfer.swift */,
				47CC009B2A58A13200E41138 /* RequestMethod.swift */,
				47CC009D2A58A15B00E41138 /* Network.swift */,
			);
			path = Networking;
			sourceTree = "<group>";
		};
		47CC006B2A589C7900E41138 /* Presenter */ = {
			isa = PBXGroup;
			children = (
				47CC00A12A58A2E800E41138 /* AdditionalViews */,
				47CC006E2A589CB600E41138 /* ToDoItem */,
				47CC006D2A589CAD00E41138 /* ToDoList */,
				47CC006C2A589C9500E41138 /* Coordinator */,
			);
			path = Presenter;
			sourceTree = "<group>";
		};
		47CC006C2A589C9500E41138 /* Coordinator */ = {
			isa = PBXGroup;
			children = (
				47CC006F2A589CE800E41138 /* RootCoordinator.swift */,
				47CC00712A589D0000E41138 /* ToDoListCoordinator.swift */,
				47CC00732A589D1000E41138 /* ToDoItemCoordinator.swift */,
				47CC00752A589D2A00E41138 /* RootCoordinatorImpl.swift */,
			);
			path = Coordinator;
			sourceTree = "<group>";
		};
		47CC006D2A589CAD00E41138 /* ToDoList */ = {
			isa = PBXGroup;
			children = (
				47CC00782A589DB300E41138 /* ViewModel */,
				47CC00772A589DA700E41138 /* View */,
			);
			path = ToDoList;
			sourceTree = "<group>";
		};
		47CC006E2A589CB600E41138 /* ToDoItem */ = {
			isa = PBXGroup;
			children = (
				47CC00852A589EE800E41138 /* TodoItemViewController.swift */,
				47CC00872A589F0A00E41138 /* TodoItemViewModel.swift */,
				47CC00892A589F1500E41138 /* TodoItemViewOutput.swift */,
				47CC008B2A589F2400E41138 /* TodoItemViewModelDelegate.swift */,
			);
			path = ToDoItem;
			sourceTree = "<group>";
		};
		47CC00772A589DA700E41138 /* View */ = {
			isa = PBXGroup;
			children = (
				47CC00792A589DD200E41138 /* TodoListDataSource.swift */,
				47CC007B2A589DE100E41138 /* TodoItemTableViewCell.swift */,
				47CC007D2A589DEF00E41138 /* CreateNewTableViewCell.swift */,
				47CC007F2A589E2700E41138 /* TodoListViewController.swift */,
			);
			path = View;
			sourceTree = "<group>";
		};
		47CC00782A589DB300E41138 /* ViewModel */ = {
			isa = PBXGroup;
			children = (
				47CC00812A589E8300E41138 /* TodoListViewModel.swift */,
				47CC00832A589E8E00E41138 /* TodoListViewOutput.swift */,
			);
			path = ViewModel;
			sourceTree = "<group>";
		};
		47CC008D2A589F6B00E41138 /* Service */ = {
			isa = PBXGroup;
			children = (
				47CC006A2A589C0D00E41138 /* Networking */,
				47CC008E2A589F7900E41138 /* Models */,
			);
			path = Service;
			sourceTree = "<group>";
		};
		47CC008E2A589F7900E41138 /* Models */ = {
			isa = PBXGroup;
			children = (
				47CC008F2A589FCB00E41138 /* Configurable.swift */,
				47CC00912A589FF900E41138 /* UIViewController+Extensions.swift */,
				47CC00932A58A01E00E41138 /* UITableViewCell+Extensions.swift */,
				47CC00952A58A04800E41138 /* Localization.swift */,
				47CC00B32A58A61300E41138 /* UIColor+Extensions.swift */,
			);
			path = Models;
			sourceTree = "<group>";
		};
		47CC00A12A58A2E800E41138 /* AdditionalViews */ = {
			isa = PBXGroup;
			children = (
				47CC00A22A58A30400E41138 /* ColorSelectionSlider.swift */,
				47CC00A42A58A30E00E41138 /* LightnessSelectionSlider.swift */,
				47CC00A62A58A34800E41138 /* ColorfulSlider.swift */,
				47CC00A82A58A36500E41138 /* ImportanceView.swift */,
				47CC00AA2A58A3B900E41138 /* ColorView.swift */,
				47CC00AC2A58A3CE00E41138 /* ColorPickerView.swift */,
				47CC00AE2A58A3E600E41138 /* DeadlineView.swift */,
				47CC00B02A58A40300E41138 /* DatePickerView.swift */,
				47CC00B52A58A66C00E41138 /* Animator.swift */,
			);
			path = AdditionalViews;
			sourceTree = "<group>";
		};
/* End PBXGroup section */

/* Begin PBXNativeTarget section */
		4793F3B12A3B0745001A8F32 /* ToDoListApp */ = {
			isa = PBXNativeTarget;
			buildConfigurationList = 4793F3DC2A3B074B001A8F32 /* Build configuration list for PBXNativeTarget "ToDoListApp" */;
			buildPhases = (
				4793F3AE2A3B0745001A8F32 /* Sources */,
				4793F3AF2A3B0745001A8F32 /* Frameworks */,
				4793F3B02A3B0745001A8F32 /* Resources */,
				47767C2C2A4F4AFD00830475 /* ShellScript */,
			);
			buildRules = (
			);
			dependencies = (
			);
			name = ToDoListApp;
			packageProductDependencies = (
				47767C262A4F1B0700830475 /* CocoaLumberjack */,
				47767C282A4F1B0700830475 /* CocoaLumberjackSwift */,
				47767C2A2A4F1B0700830475 /* CocoaLumberjackSwiftLogBackend */,
			);
			productName = ToDoListApp;
			productReference = 4793F3B22A3B0745001A8F32 /* ToDoListApp.app */;
			productType = "com.apple.product-type.application";
		};
		4793F3C72A3B074B001A8F32 /* ToDoListAppTests */ = {
			isa = PBXNativeTarget;
			buildConfigurationList = 4793F3DF2A3B074B001A8F32 /* Build configuration list for PBXNativeTarget "ToDoListAppTests" */;
			buildPhases = (
				4793F3C42A3B074B001A8F32 /* Sources */,
				4793F3C52A3B074B001A8F32 /* Frameworks */,
				4793F3C62A3B074B001A8F32 /* Resources */,
			);
			buildRules = (
			);
			dependencies = (
				4793F3CA2A3B074B001A8F32 /* PBXTargetDependency */,
			);
			name = ToDoListAppTests;
			productName = ToDoListAppTests;
			productReference = 4793F3C82A3B074B001A8F32 /* ToDoListAppTests.xctest */;
			productType = "com.apple.product-type.bundle.unit-test";
		};
		4793F3D12A3B074B001A8F32 /* ToDoListAppUITests */ = {
			isa = PBXNativeTarget;
			buildConfigurationList = 4793F3E22A3B074B001A8F32 /* Build configuration list for PBXNativeTarget "ToDoListAppUITests" */;
			buildPhases = (
				4793F3CE2A3B074B001A8F32 /* Sources */,
				4793F3CF2A3B074B001A8F32 /* Frameworks */,
				4793F3D02A3B074B001A8F32 /* Resources */,
			);
			buildRules = (
			);
			dependencies = (
				4793F3D42A3B074B001A8F32 /* PBXTargetDependency */,
			);
			name = ToDoListAppUITests;
			productName = ToDoListAppUITests;
			productReference = 4793F3D22A3B074B001A8F32 /* ToDoListAppUITests.xctest */;
			productType = "com.apple.product-type.bundle.ui-testing";
		};
/* End PBXNativeTarget section */

/* Begin PBXProject section */
		4793F3AA2A3B0745001A8F32 /* Project object */ = {
			isa = PBXProject;
			attributes = {
				BuildIndependentTargetsInParallel = 1;
				LastSwiftUpdateCheck = 1410;
				LastUpgradeCheck = 1410;
				TargetAttributes = {
					4793F3B12A3B0745001A8F32 = {
						CreatedOnToolsVersion = 14.1;
					};
					4793F3C72A3B074B001A8F32 = {
						CreatedOnToolsVersion = 14.1;
						TestTargetID = 4793F3B12A3B0745001A8F32;
					};
					4793F3D12A3B074B001A8F32 = {
						CreatedOnToolsVersion = 14.1;
						LastSwiftMigration = 1410;
						TestTargetID = 4793F3B12A3B0745001A8F32;
					};
				};
			};
			buildConfigurationList = 4793F3AD2A3B0745001A8F32 /* Build configuration list for PBXProject "ToDoListApp" */;
			compatibilityVersion = "Xcode 14.0";
			developmentRegion = en;
			hasScannedForEncodings = 0;
			knownRegions = (
				en,
				Base,
			);
			mainGroup = 4793F3A92A3B0745001A8F32;
			packageReferences = (
				47767C252A4F1B0700830475 /* XCRemoteSwiftPackageReference "CocoaLumberjack" */,
			);
			productRefGroup = 4793F3B32A3B0745001A8F32 /* Products */;
			projectDirPath = "";
			projectRoot = "";
			targets = (
				4793F3B12A3B0745001A8F32 /* ToDoListApp */,
				4793F3C72A3B074B001A8F32 /* ToDoListAppTests */,
				4793F3D12A3B074B001A8F32 /* ToDoListAppUITests */,
			);
		};
/* End PBXProject section */

/* Begin PBXResourcesBuildPhase section */
		4793F3B02A3B0745001A8F32 /* Resources */ = {
			isa = PBXResourcesBuildPhase;
			buildActionMask = 2147483647;
			files = (
				4793F3BF2A3B074A001A8F32 /* Assets.xcassets in Resources */,
			);
			runOnlyForDeploymentPostprocessing = 0;
		};
		4793F3C62A3B074B001A8F32 /* Resources */ = {
			isa = PBXResourcesBuildPhase;
			buildActionMask = 2147483647;
			files = (
			);
			runOnlyForDeploymentPostprocessing = 0;
		};
		4793F3D02A3B074B001A8F32 /* Resources */ = {
			isa = PBXResourcesBuildPhase;
			buildActionMask = 2147483647;
			files = (
			);
			runOnlyForDeploymentPostprocessing = 0;
		};
/* End PBXResourcesBuildPhase section */

/* Begin PBXShellScriptBuildPhase section */
		47767C2C2A4F4AFD00830475 /* ShellScript */ = {
			isa = PBXShellScriptBuildPhase;
			alwaysOutOfDate = 1;
			buildActionMask = 8;
			files = (
			);
			inputFileListPaths = (
			);
			inputPaths = (
			);
			outputFileListPaths = (
			);
			outputPaths = (
			);
			runOnlyForDeploymentPostprocessing = 1;
			shellPath = /bin/sh;
			shellScript = "if [[ \"$(uname -m)\" == arm64 ]]; then\n    export PATH=\"/opt/homebrew/bin:$PATH\"\nfi\n\nif which swiftlint > /dev/null; then\n  swiftlint\nelse\n  echo \"warning: SwiftLint not installed, download from https://github.com/realm/SwiftLint\"\nfi\n";
			showEnvVarsInLog = 0;
		};
/* End PBXShellScriptBuildPhase section */

/* Begin PBXSourcesBuildPhase section */
		4793F3AE2A3B0745001A8F32 /* Sources */ = {
			isa = PBXSourcesBuildPhase;
			buildActionMask = 2147483647;
			files = (
				47CC00762A589D2A00E41138 /* RootCoordinatorImpl.swift in Sources */,
				47CC00B62A58A66C00E41138 /* Animator.swift in Sources */,
				47CC00A92A58A36500E41138 /* ImportanceView.swift in Sources */,
				47CC00AB2A58A3B900E41138 /* ColorView.swift in Sources */,
				47CC00802A589E2700E41138 /* TodoListViewController.swift in Sources */,
				47CC00882A589F0A00E41138 /* TodoItemViewModel.swift in Sources */,
				47CC00A72A58A34800E41138 /* ColorfulSlider.swift in Sources */,
				47CC007E2A589DEF00E41138 /* CreateNewTableViewCell.swift in Sources */,
				47CC008C2A589F2400E41138 /* TodoItemViewModelDelegate.swift in Sources */,
				47CC00982A58A06E00E41138 /* Delaying.swift in Sources */,
				47CC007A2A589DD200E41138 /* TodoListDataSource.swift in Sources */,
				47CC008A2A589F1500E41138 /* TodoItemViewOutput.swift in Sources */,
				47CC009C2A58A13200E41138 /* RequestMethod.swift in Sources */,
				47CC00722A589D0000E41138 /* ToDoListCoordinator.swift in Sources */,
				47CC00A52A58A30E00E41138 /* LightnessSelectionSlider.swift in Sources */,
				47CC00962A58A04800E41138 /* Localization.swift in Sources */,
				4793F3F02A3B08AE001A8F32 /* FileCacheModel.swift in Sources */,
				47CC00B12A58A40300E41138 /* DatePickerView.swift in Sources */,
				47CC00822A589E8300E41138 /* TodoListViewModel.swift in Sources */,
				47CC00942A58A01E00E41138 /* UITableViewCell+Extensions.swift in Sources */,
				4793F3E72A3B079A001A8F32 /* ToDoItemModel.swift in Sources */,
				47CC009E2A58A15B00E41138 /* Network.swift in Sources */,
				47CC007C2A589DE100E41138 /* TodoItemTableViewCell.swift in Sources */,
				47CC00B42A58A61300E41138 /* UIColor+Extensions.swift in Sources */,
				47CC00AD2A58A3CE00E41138 /* ColorPickerView.swift in Sources */,
				47CC00862A589EE800E41138 /* TodoItemViewController.swift in Sources */,
				47CC00922A589FF900E41138 /* UIViewController+Extensions.swift in Sources */,
				4793F3B62A3B0745001A8F32 /* AppDelegate.swift in Sources */,
				47CC00842A589E8E00E41138 /* TodoListViewOutput.swift in Sources */,
				47CC00A02A58A1B300E41138 /* Data.swift in Sources */,
				47CC00A32A58A30400E41138 /* ColorSelectionSlider.swift in Sources */,
				47CC00902A589FCB00E41138 /* Configurable.swift in Sources */,
				47CC009A2A58A0FA00E41138 /* DataTransfer.swift in Sources */,
				47CC00AF2A58A3E600E41138 /* DeadlineView.swift in Sources */,
				47CC00742A589D1000E41138 /* ToDoItemCoordinator.swift in Sources */,
				47CC00702A589CE800E41138 /* RootCoordinator.swift in Sources */,
			);
			runOnlyForDeploymentPostprocessing = 0;
		};
		4793F3C42A3B074B001A8F32 /* Sources */ = {
			isa = PBXSourcesBuildPhase;
			buildActionMask = 2147483647;
			files = (
			);
			runOnlyForDeploymentPostprocessing = 0;
		};
		4793F3CE2A3B074B001A8F32 /* Sources */ = {
			isa = PBXSourcesBuildPhase;
			buildActionMask = 2147483647;
			files = (
			);
			runOnlyForDeploymentPostprocessing = 0;
		};
/* End PBXSourcesBuildPhase section */

/* Begin PBXTargetDependency section */
		4793F3CA2A3B074B001A8F32 /* PBXTargetDependency */ = {
			isa = PBXTargetDependency;
			target = 4793F3B12A3B0745001A8F32 /* ToDoListApp */;
			targetProxy = 4793F3C92A3B074B001A8F32 /* PBXContainerItemProxy */;
		};
		4793F3D42A3B074B001A8F32 /* PBXTargetDependency */ = {
			isa = PBXTargetDependency;
			target = 4793F3B12A3B0745001A8F32 /* ToDoListApp */;
			targetProxy = 4793F3D32A3B074B001A8F32 /* PBXContainerItemProxy */;
		};
/* End PBXTargetDependency section */

/* Begin XCBuildConfiguration section */
		4793F3DA2A3B074B001A8F32 /* Debug */ = {
			isa = XCBuildConfiguration;
			buildSettings = {
				ALWAYS_SEARCH_USER_PATHS = NO;
				CLANG_ANALYZER_NONNULL = YES;
				CLANG_ANALYZER_NUMBER_OBJECT_CONVERSION = YES_AGGRESSIVE;
				CLANG_CXX_LANGUAGE_STANDARD = "gnu++20";
				CLANG_ENABLE_MODULES = YES;
				CLANG_ENABLE_OBJC_ARC = YES;
				CLANG_ENABLE_OBJC_WEAK = YES;
				CLANG_WARN_BLOCK_CAPTURE_AUTORELEASING = YES;
				CLANG_WARN_BOOL_CONVERSION = YES;
				CLANG_WARN_COMMA = YES;
				CLANG_WARN_CONSTANT_CONVERSION = YES;
				CLANG_WARN_DEPRECATED_OBJC_IMPLEMENTATIONS = YES;
				CLANG_WARN_DIRECT_OBJC_ISA_USAGE = YES_ERROR;
				CLANG_WARN_DOCUMENTATION_COMMENTS = YES;
				CLANG_WARN_EMPTY_BODY = YES;
				CLANG_WARN_ENUM_CONVERSION = YES;
				CLANG_WARN_INFINITE_RECURSION = YES;
				CLANG_WARN_INT_CONVERSION = YES;
				CLANG_WARN_NON_LITERAL_NULL_CONVERSION = YES;
				CLANG_WARN_OBJC_IMPLICIT_RETAIN_SELF = YES;
				CLANG_WARN_OBJC_LITERAL_CONVERSION = YES;
				CLANG_WARN_OBJC_ROOT_CLASS = YES_ERROR;
				CLANG_WARN_QUOTED_INCLUDE_IN_FRAMEWORK_HEADER = YES;
				CLANG_WARN_RANGE_LOOP_ANALYSIS = YES;
				CLANG_WARN_STRICT_PROTOTYPES = YES;
				CLANG_WARN_SUSPICIOUS_MOVE = YES;
				CLANG_WARN_UNGUARDED_AVAILABILITY = YES_AGGRESSIVE;
				CLANG_WARN_UNREACHABLE_CODE = YES;
				CLANG_WARN__DUPLICATE_METHOD_MATCH = YES;
				COPY_PHASE_STRIP = NO;
				DEBUG_INFORMATION_FORMAT = dwarf;
				ENABLE_STRICT_OBJC_MSGSEND = YES;
				ENABLE_TESTABILITY = YES;
				GCC_C_LANGUAGE_STANDARD = gnu11;
				GCC_DYNAMIC_NO_PIC = NO;
				GCC_NO_COMMON_BLOCKS = YES;
				GCC_OPTIMIZATION_LEVEL = 0;
				GCC_PREPROCESSOR_DEFINITIONS = (
					"DEBUG=1",
					"$(inherited)",
				);
				GCC_WARN_64_TO_32_BIT_CONVERSION = YES;
				GCC_WARN_ABOUT_RETURN_TYPE = YES_ERROR;
				GCC_WARN_UNDECLARED_SELECTOR = YES;
				GCC_WARN_UNINITIALIZED_AUTOS = YES_AGGRESSIVE;
				GCC_WARN_UNUSED_FUNCTION = YES;
				GCC_WARN_UNUSED_VARIABLE = YES;
				IPHONEOS_DEPLOYMENT_TARGET = 16.1;
				MTL_ENABLE_DEBUG_INFO = INCLUDE_SOURCE;
				MTL_FAST_MATH = YES;
				ONLY_ACTIVE_ARCH = YES;
				SDKROOT = iphoneos;
				SWIFT_ACTIVE_COMPILATION_CONDITIONS = DEBUG;
				SWIFT_OPTIMIZATION_LEVEL = "-Onone";
			};
			name = Debug;
		};
		4793F3DB2A3B074B001A8F32 /* Release */ = {
			isa = XCBuildConfiguration;
			buildSettings = {
				ALWAYS_SEARCH_USER_PATHS = NO;
				CLANG_ANALYZER_NONNULL = YES;
				CLANG_ANALYZER_NUMBER_OBJECT_CONVERSION = YES_AGGRESSIVE;
				CLANG_CXX_LANGUAGE_STANDARD = "gnu++20";
				CLANG_ENABLE_MODULES = YES;
				CLANG_ENABLE_OBJC_ARC = YES;
				CLANG_ENABLE_OBJC_WEAK = YES;
				CLANG_WARN_BLOCK_CAPTURE_AUTORELEASING = YES;
				CLANG_WARN_BOOL_CONVERSION = YES;
				CLANG_WARN_COMMA = YES;
				CLANG_WARN_CONSTANT_CONVERSION = YES;
				CLANG_WARN_DEPRECATED_OBJC_IMPLEMENTATIONS = YES;
				CLANG_WARN_DIRECT_OBJC_ISA_USAGE = YES_ERROR;
				CLANG_WARN_DOCUMENTATION_COMMENTS = YES;
				CLANG_WARN_EMPTY_BODY = YES;
				CLANG_WARN_ENUM_CONVERSION = YES;
				CLANG_WARN_INFINITE_RECURSION = YES;
				CLANG_WARN_INT_CONVERSION = YES;
				CLANG_WARN_NON_LITERAL_NULL_CONVERSION = YES;
				CLANG_WARN_OBJC_IMPLICIT_RETAIN_SELF = YES;
				CLANG_WARN_OBJC_LITERAL_CONVERSION = YES;
				CLANG_WARN_OBJC_ROOT_CLASS = YES_ERROR;
				CLANG_WARN_QUOTED_INCLUDE_IN_FRAMEWORK_HEADER = YES;
				CLANG_WARN_RANGE_LOOP_ANALYSIS = YES;
				CLANG_WARN_STRICT_PROTOTYPES = YES;
				CLANG_WARN_SUSPICIOUS_MOVE = YES;
				CLANG_WARN_UNGUARDED_AVAILABILITY = YES_AGGRESSIVE;
				CLANG_WARN_UNREACHABLE_CODE = YES;
				CLANG_WARN__DUPLICATE_METHOD_MATCH = YES;
				COPY_PHASE_STRIP = NO;
				DEBUG_INFORMATION_FORMAT = "dwarf-with-dsym";
				ENABLE_NS_ASSERTIONS = NO;
				ENABLE_STRICT_OBJC_MSGSEND = YES;
				GCC_C_LANGUAGE_STANDARD = gnu11;
				GCC_NO_COMMON_BLOCKS = YES;
				GCC_WARN_64_TO_32_BIT_CONVERSION = YES;
				GCC_WARN_ABOUT_RETURN_TYPE = YES_ERROR;
				GCC_WARN_UNDECLARED_SELECTOR = YES;
				GCC_WARN_UNINITIALIZED_AUTOS = YES_AGGRESSIVE;
				GCC_WARN_UNUSED_FUNCTION = YES;
				GCC_WARN_UNUSED_VARIABLE = YES;
				IPHONEOS_DEPLOYMENT_TARGET = 16.1;
				MTL_ENABLE_DEBUG_INFO = NO;
				MTL_FAST_MATH = YES;
				SDKROOT = iphoneos;
				SWIFT_COMPILATION_MODE = wholemodule;
				SWIFT_OPTIMIZATION_LEVEL = "-O";
				VALIDATE_PRODUCT = YES;
			};
			name = Release;
		};
		4793F3DD2A3B074B001A8F32 /* Debug */ = {
			isa = XCBuildConfiguration;
			buildSettings = {
				ASSETCATALOG_COMPILER_APPICON_NAME = AppIcon;
				ASSETCATALOG_COMPILER_GLOBAL_ACCENT_COLOR_NAME = AccentColor;
				CODE_SIGN_STYLE = Automatic;
				CURRENT_PROJECT_VERSION = 1;
				DEVELOPMENT_TEAM = 7V6GC93G8X;
				GENERATE_INFOPLIST_FILE = YES;
				INFOPLIST_FILE = ToDoListApp/Info.plist;
				INFOPLIST_KEY_UIApplicationSupportsIndirectInputEvents = YES;
				INFOPLIST_KEY_UILaunchStoryboardName = LaunchScreen;
				INFOPLIST_KEY_UISupportedInterfaceOrientations_iPad = "UIInterfaceOrientationPortrait UIInterfaceOrientationPortraitUpsideDown UIInterfaceOrientationLandscapeLeft UIInterfaceOrientationLandscapeRight";
				INFOPLIST_KEY_UISupportedInterfaceOrientations_iPhone = "UIInterfaceOrientationPortrait UIInterfaceOrientationLandscapeLeft UIInterfaceOrientationLandscapeRight";
				LD_RUNPATH_SEARCH_PATHS = (
					"$(inherited)",
					"@executable_path/Frameworks",
				);
				MARKETING_VERSION = 1.0;
				PRODUCT_BUNDLE_IDENTIFIER = com.sudursugunushev.ToDoListApp;
				PRODUCT_NAME = "$(TARGET_NAME)";
				SWIFT_EMIT_LOC_STRINGS = YES;
				SWIFT_VERSION = 5.0;
				TARGETED_DEVICE_FAMILY = "1,2";
			};
			name = Debug;
		};
		4793F3DE2A3B074B001A8F32 /* Release */ = {
			isa = XCBuildConfiguration;
			buildSettings = {
				ASSETCATALOG_COMPILER_APPICON_NAME = AppIcon;
				ASSETCATALOG_COMPILER_GLOBAL_ACCENT_COLOR_NAME = AccentColor;
				CODE_SIGN_STYLE = Automatic;
				CURRENT_PROJECT_VERSION = 1;
				DEVELOPMENT_TEAM = 7V6GC93G8X;
				GENERATE_INFOPLIST_FILE = YES;
				INFOPLIST_FILE = ToDoListApp/Info.plist;
				INFOPLIST_KEY_UIApplicationSupportsIndirectInputEvents = YES;
				INFOPLIST_KEY_UILaunchStoryboardName = LaunchScreen;
				INFOPLIST_KEY_UISupportedInterfaceOrientations_iPad = "UIInterfaceOrientationPortrait UIInterfaceOrientationPortraitUpsideDown UIInterfaceOrientationLandscapeLeft UIInterfaceOrientationLandscapeRight";
				INFOPLIST_KEY_UISupportedInterfaceOrientations_iPhone = "UIInterfaceOrientationPortrait UIInterfaceOrientationLandscapeLeft UIInterfaceOrientationLandscapeRight";
				LD_RUNPATH_SEARCH_PATHS = (
					"$(inherited)",
					"@executable_path/Frameworks",
				);
				MARKETING_VERSION = 1.0;
				PRODUCT_BUNDLE_IDENTIFIER = com.sudursugunushev.ToDoListApp;
				PRODUCT_NAME = "$(TARGET_NAME)";
				SWIFT_EMIT_LOC_STRINGS = YES;
				SWIFT_VERSION = 5.0;
				TARGETED_DEVICE_FAMILY = "1,2";
			};
			name = Release;
		};
		4793F3E02A3B074B001A8F32 /* Debug */ = {
			isa = XCBuildConfiguration;
			buildSettings = {
				ALWAYS_EMBED_SWIFT_STANDARD_LIBRARIES = YES;
				BUNDLE_LOADER = "$(TEST_HOST)";
				CODE_SIGN_STYLE = Automatic;
				CURRENT_PROJECT_VERSION = 1;
				DEVELOPMENT_TEAM = 7V6GC93G8X;
				GENERATE_INFOPLIST_FILE = YES;
				IPHONEOS_DEPLOYMENT_TARGET = 16.1;
				MARKETING_VERSION = 1.0;
				PRODUCT_BUNDLE_IDENTIFIER = com.sudursugunushev.ToDoListAppTests;
				PRODUCT_NAME = "$(TARGET_NAME)";
				SWIFT_EMIT_LOC_STRINGS = NO;
				SWIFT_VERSION = 5.0;
				TARGETED_DEVICE_FAMILY = "1,2";
				TEST_HOST = "$(BUILT_PRODUCTS_DIR)/ToDoListApp.app/$(BUNDLE_EXECUTABLE_FOLDER_PATH)/ToDoListApp";
			};
			name = Debug;
		};
		4793F3E12A3B074B001A8F32 /* Release */ = {
			isa = XCBuildConfiguration;
			buildSettings = {
				ALWAYS_EMBED_SWIFT_STANDARD_LIBRARIES = YES;
				BUNDLE_LOADER = "$(TEST_HOST)";
				CODE_SIGN_STYLE = Automatic;
				CURRENT_PROJECT_VERSION = 1;
				DEVELOPMENT_TEAM = 7V6GC93G8X;
				GENERATE_INFOPLIST_FILE = YES;
				IPHONEOS_DEPLOYMENT_TARGET = 16.1;
				MARKETING_VERSION = 1.0;
				PRODUCT_BUNDLE_IDENTIFIER = com.sudursugunushev.ToDoListAppTests;
				PRODUCT_NAME = "$(TARGET_NAME)";
				SWIFT_EMIT_LOC_STRINGS = NO;
				SWIFT_VERSION = 5.0;
				TARGETED_DEVICE_FAMILY = "1,2";
				TEST_HOST = "$(BUILT_PRODUCTS_DIR)/ToDoListApp.app/$(BUNDLE_EXECUTABLE_FOLDER_PATH)/ToDoListApp";
			};
			name = Release;
		};
		4793F3E32A3B074B001A8F32 /* Debug */ = {
			isa = XCBuildConfiguration;
			buildSettings = {
				ALWAYS_EMBED_SWIFT_STANDARD_LIBRARIES = YES;
				CLANG_ENABLE_MODULES = YES;
				CODE_SIGN_STYLE = Automatic;
				CURRENT_PROJECT_VERSION = 1;
				DEVELOPMENT_TEAM = 7V6GC93G8X;
				GENERATE_INFOPLIST_FILE = YES;
				LD_RUNPATH_SEARCH_PATHS = (
					"$(inherited)",
					"@executable_path/Frameworks",
					"@loader_path/Frameworks",
				);
				MARKETING_VERSION = 1.0;
				PRODUCT_BUNDLE_IDENTIFIER = com.sudursugunushev.ToDoListAppUITests;
				PRODUCT_NAME = "$(TARGET_NAME)";
				SWIFT_EMIT_LOC_STRINGS = NO;
				SWIFT_OBJC_BRIDGING_HEADER = "ToDoListAppTests/ToDoListAppUITests-Bridging-Header.h";
				SWIFT_OPTIMIZATION_LEVEL = "-Onone";
				SWIFT_VERSION = 5.0;
				TARGETED_DEVICE_FAMILY = "1,2";
				TEST_TARGET_NAME = ToDoListApp;
			};
			name = Debug;
		};
		4793F3E42A3B074B001A8F32 /* Release */ = {
			isa = XCBuildConfiguration;
			buildSettings = {
				ALWAYS_EMBED_SWIFT_STANDARD_LIBRARIES = YES;
				CLANG_ENABLE_MODULES = YES;
				CODE_SIGN_STYLE = Automatic;
				CURRENT_PROJECT_VERSION = 1;
				DEVELOPMENT_TEAM = 7V6GC93G8X;
				GENERATE_INFOPLIST_FILE = YES;
				LD_RUNPATH_SEARCH_PATHS = (
					"$(inherited)",
					"@executable_path/Frameworks",
					"@loader_path/Frameworks",
				);
				MARKETING_VERSION = 1.0;
				PRODUCT_BUNDLE_IDENTIFIER = com.sudursugunushev.ToDoListAppUITests;
				PRODUCT_NAME = "$(TARGET_NAME)";
				SWIFT_EMIT_LOC_STRINGS = NO;
				SWIFT_OBJC_BRIDGING_HEADER = "ToDoListAppTests/ToDoListAppUITests-Bridging-Header.h";
				SWIFT_VERSION = 5.0;
				TARGETED_DEVICE_FAMILY = "1,2";
				TEST_TARGET_NAME = ToDoListApp;
			};
			name = Release;
		};
/* End XCBuildConfiguration section */

/* Begin XCConfigurationList section */
		4793F3AD2A3B0745001A8F32 /* Build configuration list for PBXProject "ToDoListApp" */ = {
			isa = XCConfigurationList;
			buildConfigurations = (
				4793F3DA2A3B074B001A8F32 /* Debug */,
				4793F3DB2A3B074B001A8F32 /* Release */,
			);
			defaultConfigurationIsVisible = 0;
			defaultConfigurationName = Release;
		};
		4793F3DC2A3B074B001A8F32 /* Build configuration list for PBXNativeTarget "ToDoListApp" */ = {
			isa = XCConfigurationList;
			buildConfigurations = (
				4793F3DD2A3B074B001A8F32 /* Debug */,
				4793F3DE2A3B074B001A8F32 /* Release */,
			);
			defaultConfigurationIsVisible = 0;
			defaultConfigurationName = Release;
		};
		4793F3DF2A3B074B001A8F32 /* Build configuration list for PBXNativeTarget "ToDoListAppTests" */ = {
			isa = XCConfigurationList;
			buildConfigurations = (
				4793F3E02A3B074B001A8F32 /* Debug */,
				4793F3E12A3B074B001A8F32 /* Release */,
			);
			defaultConfigurationIsVisible = 0;
			defaultConfigurationName = Release;
		};
		4793F3E22A3B074B001A8F32 /* Build configuration list for PBXNativeTarget "ToDoListAppUITests" */ = {
			isa = XCConfigurationList;
			buildConfigurations = (
				4793F3E32A3B074B001A8F32 /* Debug */,
				4793F3E42A3B074B001A8F32 /* Release */,
			);
			defaultConfigurationIsVisible = 0;
			defaultConfigurationName = Release;
		};
/* End XCConfigurationList section */

/* Begin XCRemoteSwiftPackageReference section */
		47767C252A4F1B0700830475 /* XCRemoteSwiftPackageReference "CocoaLumberjack" */ = {
			isa = XCRemoteSwiftPackageReference;
			repositoryURL = "https://github.com/CocoaLumberjack/CocoaLumberjack";
			requirement = {
				branch = master;
				kind = branch;
			};
		};
/* End XCRemoteSwiftPackageReference section */

/* Begin XCSwiftPackageProductDependency section */
		47767C262A4F1B0700830475 /* CocoaLumberjack */ = {
			isa = XCSwiftPackageProductDependency;
			package = 47767C252A4F1B0700830475 /* XCRemoteSwiftPackageReference "CocoaLumberjack" */;
			productName = CocoaLumberjack;
		};
		47767C282A4F1B0700830475 /* CocoaLumberjackSwift */ = {
			isa = XCSwiftPackageProductDependency;
			package = 47767C252A4F1B0700830475 /* XCRemoteSwiftPackageReference "CocoaLumberjack" */;
			productName = CocoaLumberjackSwift;
		};
		47767C2A2A4F1B0700830475 /* CocoaLumberjackSwiftLogBackend */ = {
			isa = XCSwiftPackageProductDependency;
			package = 47767C252A4F1B0700830475 /* XCRemoteSwiftPackageReference "CocoaLumberjack" */;
			productName = CocoaLumberjackSwiftLogBackend;
		};
/* End XCSwiftPackageProductDependency section */
	};
	rootObject = 4793F3AA2A3B0745001A8F32 /* Project object */;
}
